// !$*UTF8*$!
{
	archiveVersion = 1;
	classes = {
	};
	objectVersion = 51;
	objects = {

/* Begin PBXBuildFile section */
		187E6A4B4958F55EA4BA3F19 /* Pods_MessariAppTests.framework in Frameworks */ = {isa = PBXBuildFile; fileRef = 49B0DF17F945B35FC29E218F /* Pods_MessariAppTests.framework */; };
		1FCDD3942595208800A99FBC /* AppDelegate.swift in Sources */ = {isa = PBXBuildFile; fileRef = 1FCDD3932595208800A99FBC /* AppDelegate.swift */; };
		1FCDD39D2595208B00A99FBC /* Assets.xcassets in Resources */ = {isa = PBXBuildFile; fileRef = 1FCDD39C2595208B00A99FBC /* Assets.xcassets */; };
		1FCDD3A02595208B00A99FBC /* LaunchScreen.storyboard in Resources */ = {isa = PBXBuildFile; fileRef = 1FCDD39E2595208B00A99FBC /* LaunchScreen.storyboard */; };
		1FCDD3AB2595208C00A99FBC /* MessariAppTests.swift in Sources */ = {isa = PBXBuildFile; fileRef = 1FCDD3AA2595208C00A99FBC /* MessariAppTests.swift */; };
		1FCDD42A2595AA3800A99FBC /* Navigation.swift in Sources */ = {isa = PBXBuildFile; fileRef = 1FCDD4292595AA3800A99FBC /* Navigation.swift */; };
		1FCDD42E2595AA8D00A99FBC /* MainProtocols.swift in Sources */ = {isa = PBXBuildFile; fileRef = 1FCDD42D2595AA8D00A99FBC /* MainProtocols.swift */; };
		1FCDD4342595AB5200A99FBC /* Box.swift in Sources */ = {isa = PBXBuildFile; fileRef = 1FCDD4332595AB5200A99FBC /* Box.swift */; };
		1FCDD43B2595ABA500A99FBC /* AssetsService.swift in Sources */ = {isa = PBXBuildFile; fileRef = 1FCDD43A2595ABA500A99FBC /* AssetsService.swift */; };
		1FCDD4402595AC1E00A99FBC /* Environment.swift in Sources */ = {isa = PBXBuildFile; fileRef = 1FCDD43F2595AC1E00A99FBC /* Environment.swift */; };
		1FCDD4442595AE8E00A99FBC /* MainViewModel.swift in Sources */ = {isa = PBXBuildFile; fileRef = 1FCDD4432595AE8E00A99FBC /* MainViewModel.swift */; };
		1FCDD4482595B07000A99FBC /* MainDataSource.swift in Sources */ = {isa = PBXBuildFile; fileRef = 1FCDD4472595B07000A99FBC /* MainDataSource.swift */; };
		1FCDD44E2595B0C000A99FBC /* BaseViewModel.swift in Sources */ = {isa = PBXBuildFile; fileRef = 1FCDD44D2595B0C000A99FBC /* BaseViewModel.swift */; };
		1FCDD4582595B28300A99FBC /* AssetResponse.swift in Sources */ = {isa = PBXBuildFile; fileRef = 1FCDD4572595B28300A99FBC /* AssetResponse.swift */; };
		1FCDD45E2595B4DC00A99FBC /* AssetData.swift in Sources */ = {isa = PBXBuildFile; fileRef = 1FCDD45D2595B4DC00A99FBC /* AssetData.swift */; };
		1FCDD4622595B4E300A99FBC /* AssetMetric.swift in Sources */ = {isa = PBXBuildFile; fileRef = 1FCDD4612595B4E300A99FBC /* AssetMetric.swift */; };
		1FCDD4662595B4E900A99FBC /* MarketData.swift in Sources */ = {isa = PBXBuildFile; fileRef = 1FCDD4652595B4E900A99FBC /* MarketData.swift */; };
		1FCDD46C2595B8F500A99FBC /* Status.swift in Sources */ = {isa = PBXBuildFile; fileRef = 1FCDD46B2595B8F500A99FBC /* Status.swift */; };
		1FCDD4822595C9F600A99FBC /* MainView.swift in Sources */ = {isa = PBXBuildFile; fileRef = 1FCDD4812595C9F600A99FBC /* MainView.swift */; };
		1FCDD4862595CAC900A99FBC /* Colors.swift in Sources */ = {isa = PBXBuildFile; fileRef = 1FCDD4852595CAC900A99FBC /* Colors.swift */; };
		1FCDD4952595CBDF00A99FBC /* UIColor+Extension.swift in Sources */ = {isa = PBXBuildFile; fileRef = 1FCDD4942595CBDF00A99FBC /* UIColor+Extension.swift */; };
		1FCDD49C2595CC9000A99FBC /* AssetTileCollectionCell.swift in Sources */ = {isa = PBXBuildFile; fileRef = 1FCDD49B2595CC9000A99FBC /* AssetTileCollectionCell.swift */; };
		1FCDD4AC2595CEDC00A99FBC /* UIImageView+Extension.swift in Sources */ = {isa = PBXBuildFile; fileRef = 1FCDD4AB2595CEDC00A99FBC /* UIImageView+Extension.swift */; };
		1FCDD4B12595CFE900A99FBC /* MainHeader.swift in Sources */ = {isa = PBXBuildFile; fileRef = 1FCDD4B02595CFE900A99FBC /* MainHeader.swift */; };
		1FCDD4B52595D1A200A99FBC /* AssetListCollectionCell.swift in Sources */ = {isa = PBXBuildFile; fileRef = 1FCDD4B42595D1A200A99FBC /* AssetListCollectionCell.swift */; };
		1FCDD4B92595DA5800A99FBC /* MainViewController.swift in Sources */ = {isa = PBXBuildFile; fileRef = 1FCDD4B82595DA5800A99FBC /* MainViewController.swift */; };
		1FCDD4C82595DD2500A99FBC /* MainViewController+AssetsCollectionDataSource.swift in Sources */ = {isa = PBXBuildFile; fileRef = 1FCDD4C72595DD2500A99FBC /* MainViewController+AssetsCollectionDataSource.swift */; };
		1FCDD4CF2595DE8D00A99FBC /* MainViewController+AssetCollectionDelegate.swift in Sources */ = {isa = PBXBuildFile; fileRef = 1FCDD4CE2595DE8D00A99FBC /* MainViewController+AssetCollectionDelegate.swift */; };
		1FCDD4D32595E12C00A99FBC /* MainRouter.swift in Sources */ = {isa = PBXBuildFile; fileRef = 1FCDD4D22595E12C00A99FBC /* MainRouter.swift */; };
		1FCDD4DE2595F21500A99FBC /* Double+Extension.swift in Sources */ = {isa = PBXBuildFile; fileRef = 1FCDD4DD2595F21500A99FBC /* Double+Extension.swift */; };
		1FCDD4E72595F9A100A99FBC /* GreetingView.swift in Sources */ = {isa = PBXBuildFile; fileRef = 1FCDD4E62595F9A100A99FBC /* GreetingView.swift */; };
		1FCDD5082596257800A99FBC /* BaseView.swift in Sources */ = {isa = PBXBuildFile; fileRef = 1FCDD5072596257800A99FBC /* BaseView.swift */; };
		C57206E87B728270942E8F8D /* Pods_MessariApp.framework in Frameworks */ = {isa = PBXBuildFile; fileRef = 00BA986986A26EF5C80C2035 /* Pods_MessariApp.framework */; };
/* End PBXBuildFile section */

/* Begin PBXContainerItemProxy section */
		1FCDD3A72595208C00A99FBC /* PBXContainerItemProxy */ = {
			isa = PBXContainerItemProxy;
			containerPortal = 1FCDD3882595208800A99FBC /* Project object */;
			proxyType = 1;
			remoteGlobalIDString = 1FCDD38F2595208800A99FBC;
			remoteInfo = MessariApp;
		};
/* End PBXContainerItemProxy section */

/* Begin PBXFileReference section */
		00BA986986A26EF5C80C2035 /* Pods_MessariApp.framework */ = {isa = PBXFileReference; explicitFileType = wrapper.framework; includeInIndex = 0; path = Pods_MessariApp.framework; sourceTree = BUILT_PRODUCTS_DIR; };
		13CF32E5F4D80BA017348BA4 /* Pods_MessariApp_MessariAppUITests.framework */ = {isa = PBXFileReference; explicitFileType = wrapper.framework; includeInIndex = 0; path = Pods_MessariApp_MessariAppUITests.framework; sourceTree = BUILT_PRODUCTS_DIR; };
		1FCDD3902595208800A99FBC /* MessariApp.app */ = {isa = PBXFileReference; explicitFileType = wrapper.application; includeInIndex = 0; path = MessariApp.app; sourceTree = BUILT_PRODUCTS_DIR; };
		1FCDD3932595208800A99FBC /* AppDelegate.swift */ = {isa = PBXFileReference; lastKnownFileType = sourcecode.swift; path = AppDelegate.swift; sourceTree = "<group>"; };
		1FCDD39C2595208B00A99FBC /* Assets.xcassets */ = {isa = PBXFileReference; lastKnownFileType = folder.assetcatalog; path = Assets.xcassets; sourceTree = "<group>"; };
		1FCDD39F2595208B00A99FBC /* Base */ = {isa = PBXFileReference; lastKnownFileType = file.storyboard; name = Base; path = Base.lproj/LaunchScreen.storyboard; sourceTree = "<group>"; };
		1FCDD3A12595208B00A99FBC /* Info.plist */ = {isa = PBXFileReference; lastKnownFileType = text.plist.xml; path = Info.plist; sourceTree = "<group>"; };
		1FCDD3A62595208C00A99FBC /* MessariAppTests.xctest */ = {isa = PBXFileReference; explicitFileType = wrapper.cfbundle; includeInIndex = 0; path = MessariAppTests.xctest; sourceTree = BUILT_PRODUCTS_DIR; };
		1FCDD3AA2595208C00A99FBC /* MessariAppTests.swift */ = {isa = PBXFileReference; lastKnownFileType = sourcecode.swift; path = MessariAppTests.swift; sourceTree = "<group>"; };
		1FCDD3AC2595208C00A99FBC /* Info.plist */ = {isa = PBXFileReference; lastKnownFileType = text.plist.xml; path = Info.plist; sourceTree = "<group>"; };
		1FCDD4292595AA3800A99FBC /* Navigation.swift */ = {isa = PBXFileReference; lastKnownFileType = sourcecode.swift; path = Navigation.swift; sourceTree = "<group>"; };
		1FCDD42D2595AA8D00A99FBC /* MainProtocols.swift */ = {isa = PBXFileReference; lastKnownFileType = sourcecode.swift; path = MainProtocols.swift; sourceTree = "<group>"; };
		1FCDD4332595AB5200A99FBC /* Box.swift */ = {isa = PBXFileReference; lastKnownFileType = sourcecode.swift; path = Box.swift; sourceTree = "<group>"; };
		1FCDD43A2595ABA500A99FBC /* AssetsService.swift */ = {isa = PBXFileReference; lastKnownFileType = sourcecode.swift; path = AssetsService.swift; sourceTree = "<group>"; };
		1FCDD43F2595AC1E00A99FBC /* Environment.swift */ = {isa = PBXFileReference; lastKnownFileType = sourcecode.swift; path = Environment.swift; sourceTree = "<group>"; };
		1FCDD4432595AE8E00A99FBC /* MainViewModel.swift */ = {isa = PBXFileReference; lastKnownFileType = sourcecode.swift; path = MainViewModel.swift; sourceTree = "<group>"; };
		1FCDD4472595B07000A99FBC /* MainDataSource.swift */ = {isa = PBXFileReference; lastKnownFileType = sourcecode.swift; path = MainDataSource.swift; sourceTree = "<group>"; };
		1FCDD44D2595B0C000A99FBC /* BaseViewModel.swift */ = {isa = PBXFileReference; lastKnownFileType = sourcecode.swift; path = BaseViewModel.swift; sourceTree = "<group>"; };
		1FCDD4572595B28300A99FBC /* AssetResponse.swift */ = {isa = PBXFileReference; lastKnownFileType = sourcecode.swift; path = AssetResponse.swift; sourceTree = "<group>"; };
		1FCDD45D2595B4DC00A99FBC /* AssetData.swift */ = {isa = PBXFileReference; lastKnownFileType = sourcecode.swift; path = AssetData.swift; sourceTree = "<group>"; };
		1FCDD4612595B4E300A99FBC /* AssetMetric.swift */ = {isa = PBXFileReference; lastKnownFileType = sourcecode.swift; path = AssetMetric.swift; sourceTree = "<group>"; };
		1FCDD4652595B4E900A99FBC /* MarketData.swift */ = {isa = PBXFileReference; lastKnownFileType = sourcecode.swift; path = MarketData.swift; sourceTree = "<group>"; };
		1FCDD46B2595B8F500A99FBC /* Status.swift */ = {isa = PBXFileReference; lastKnownFileType = sourcecode.swift; path = Status.swift; sourceTree = "<group>"; };
		1FCDD4812595C9F600A99FBC /* MainView.swift */ = {isa = PBXFileReference; lastKnownFileType = sourcecode.swift; path = MainView.swift; sourceTree = "<group>"; };
		1FCDD4852595CAC900A99FBC /* Colors.swift */ = {isa = PBXFileReference; lastKnownFileType = sourcecode.swift; path = Colors.swift; sourceTree = "<group>"; };
		1FCDD4942595CBDF00A99FBC /* UIColor+Extension.swift */ = {isa = PBXFileReference; lastKnownFileType = sourcecode.swift; path = "UIColor+Extension.swift"; sourceTree = "<group>"; };
		1FCDD49B2595CC9000A99FBC /* AssetTileCollectionCell.swift */ = {isa = PBXFileReference; lastKnownFileType = sourcecode.swift; path = AssetTileCollectionCell.swift; sourceTree = "<group>"; };
		1FCDD4AB2595CEDC00A99FBC /* UIImageView+Extension.swift */ = {isa = PBXFileReference; lastKnownFileType = sourcecode.swift; path = "UIImageView+Extension.swift"; sourceTree = "<group>"; };
		1FCDD4B02595CFE900A99FBC /* MainHeader.swift */ = {isa = PBXFileReference; lastKnownFileType = sourcecode.swift; path = MainHeader.swift; sourceTree = "<group>"; };
		1FCDD4B42595D1A200A99FBC /* AssetListCollectionCell.swift */ = {isa = PBXFileReference; lastKnownFileType = sourcecode.swift; path = AssetListCollectionCell.swift; sourceTree = "<group>"; };
		1FCDD4B82595DA5800A99FBC /* MainViewController.swift */ = {isa = PBXFileReference; lastKnownFileType = sourcecode.swift; path = MainViewController.swift; sourceTree = "<group>"; };
		1FCDD4C72595DD2500A99FBC /* MainViewController+AssetsCollectionDataSource.swift */ = {isa = PBXFileReference; lastKnownFileType = sourcecode.swift; path = "MainViewController+AssetsCollectionDataSource.swift"; sourceTree = "<group>"; };
		1FCDD4CE2595DE8D00A99FBC /* MainViewController+AssetCollectionDelegate.swift */ = {isa = PBXFileReference; lastKnownFileType = sourcecode.swift; path = "MainViewController+AssetCollectionDelegate.swift"; sourceTree = "<group>"; };
		1FCDD4D22595E12C00A99FBC /* MainRouter.swift */ = {isa = PBXFileReference; lastKnownFileType = sourcecode.swift; path = MainRouter.swift; sourceTree = "<group>"; };
		1FCDD4DD2595F21500A99FBC /* Double+Extension.swift */ = {isa = PBXFileReference; lastKnownFileType = sourcecode.swift; path = "Double+Extension.swift"; sourceTree = "<group>"; };
		1FCDD4E62595F9A100A99FBC /* GreetingView.swift */ = {isa = PBXFileReference; lastKnownFileType = sourcecode.swift; path = GreetingView.swift; sourceTree = "<group>"; };
		1FCDD5072596257800A99FBC /* BaseView.swift */ = {isa = PBXFileReference; lastKnownFileType = sourcecode.swift; path = BaseView.swift; sourceTree = "<group>"; };
		49B0DF17F945B35FC29E218F /* Pods_MessariAppTests.framework */ = {isa = PBXFileReference; explicitFileType = wrapper.framework; includeInIndex = 0; path = Pods_MessariAppTests.framework; sourceTree = BUILT_PRODUCTS_DIR; };
		8B8DF257EF56840C2F73299D /* Pods-MessariAppTests.debug.xcconfig */ = {isa = PBXFileReference; includeInIndex = 1; lastKnownFileType = text.xcconfig; name = "Pods-MessariAppTests.debug.xcconfig"; path = "Target Support Files/Pods-MessariAppTests/Pods-MessariAppTests.debug.xcconfig"; sourceTree = "<group>"; };
		A66AC3D8904A141645A757FE /* Pods-MessariAppTests.release.xcconfig */ = {isa = PBXFileReference; includeInIndex = 1; lastKnownFileType = text.xcconfig; name = "Pods-MessariAppTests.release.xcconfig"; path = "Target Support Files/Pods-MessariAppTests/Pods-MessariAppTests.release.xcconfig"; sourceTree = "<group>"; };
		AB61E65DD6ED514FD3F242D0 /* Pods-MessariApp.debug.xcconfig */ = {isa = PBXFileReference; includeInIndex = 1; lastKnownFileType = text.xcconfig; name = "Pods-MessariApp.debug.xcconfig"; path = "Target Support Files/Pods-MessariApp/Pods-MessariApp.debug.xcconfig"; sourceTree = "<group>"; };
		AECC68E0B6AD71ED0556CA7B /* Pods-MessariApp-MessariAppUITests.debug.xcconfig */ = {isa = PBXFileReference; includeInIndex = 1; lastKnownFileType = text.xcconfig; name = "Pods-MessariApp-MessariAppUITests.debug.xcconfig"; path = "Target Support Files/Pods-MessariApp-MessariAppUITests/Pods-MessariApp-MessariAppUITests.debug.xcconfig"; sourceTree = "<group>"; };
		B0A6FDEC64D64FE137702215 /* Pods-MessariApp-MessariAppUITests.release.xcconfig */ = {isa = PBXFileReference; includeInIndex = 1; lastKnownFileType = text.xcconfig; name = "Pods-MessariApp-MessariAppUITests.release.xcconfig"; path = "Target Support Files/Pods-MessariApp-MessariAppUITests/Pods-MessariApp-MessariAppUITests.release.xcconfig"; sourceTree = "<group>"; };
		DC5A3573E4BB3815427751B4 /* Pods-MessariApp.release.xcconfig */ = {isa = PBXFileReference; includeInIndex = 1; lastKnownFileType = text.xcconfig; name = "Pods-MessariApp.release.xcconfig"; path = "Target Support Files/Pods-MessariApp/Pods-MessariApp.release.xcconfig"; sourceTree = "<group>"; };
/* End PBXFileReference section */

/* Begin PBXFrameworksBuildPhase section */
		1FCDD38D2595208800A99FBC /* Frameworks */ = {
			isa = PBXFrameworksBuildPhase;
			buildActionMask = 2147483647;
			files = (
				C57206E87B728270942E8F8D /* Pods_MessariApp.framework in Frameworks */,
			);
			runOnlyForDeploymentPostprocessing = 0;
		};
		1FCDD3A32595208C00A99FBC /* Frameworks */ = {
			isa = PBXFrameworksBuildPhase;
			buildActionMask = 2147483647;
			files = (
				187E6A4B4958F55EA4BA3F19 /* Pods_MessariAppTests.framework in Frameworks */,
			);
			runOnlyForDeploymentPostprocessing = 0;
		};
/* End PBXFrameworksBuildPhase section */

/* Begin PBXGroup section */
		1FCDD3872595208800A99FBC = {
			isa = PBXGroup;
			children = (
				1FCDD3922595208800A99FBC /* MessariApp */,
				1FCDD3A92595208C00A99FBC /* MessariAppTests */,
				1FCDD3912595208800A99FBC /* Products */,
				DBEE2245C44480E085B4BA3E /* Pods */,
				BA02F5A26FE09FE1AFBFB697 /* Frameworks */,
			);
			sourceTree = "<group>";
		};
		1FCDD3912595208800A99FBC /* Products */ = {
			isa = PBXGroup;
			children = (
				1FCDD3902595208800A99FBC /* MessariApp.app */,
				1FCDD3A62595208C00A99FBC /* MessariAppTests.xctest */,
			);
			name = Products;
			sourceTree = "<group>";
		};
		1FCDD3922595208800A99FBC /* MessariApp */ = {
			isa = PBXGroup;
			children = (
				1FCDD3932595208800A99FBC /* AppDelegate.swift */,
				1FCDD4922595CBCA00A99FBC /* Extensions */,
				1FCDD4392595AB7900A99FBC /* Network */,
				1FCDD4312595AB4300A99FBC /* Utilities */,
				1FCDD3F82595249900A99FBC /* Navigation */,
				1FCDD3DE259523E700A99FBC /* Modules */,
				1FCDD3D7259523D700A99FBC /* Resources */,
			);
			path = MessariApp;
			sourceTree = "<group>";
		};
		1FCDD3A92595208C00A99FBC /* MessariAppTests */ = {
			isa = PBXGroup;
			children = (
				1FCDD3AA2595208C00A99FBC /* MessariAppTests.swift */,
				1FCDD3AC2595208C00A99FBC /* Info.plist */,
			);
			path = MessariAppTests;
			sourceTree = "<group>";
		};
		1FCDD3D7259523D700A99FBC /* Resources */ = {
			isa = PBXGroup;
			children = (
				1FCDD43E2595AC1500A99FBC /* Constants */,
				1FCDD3A12595208B00A99FBC /* Info.plist */,
				1FCDD39E2595208B00A99FBC /* LaunchScreen.storyboard */,
				1FCDD39C2595208B00A99FBC /* Assets.xcassets */,
			);
			path = Resources;
			sourceTree = "<group>";
		};
		1FCDD3DE259523E700A99FBC /* Modules */ = {
			isa = PBXGroup;
			children = (
				1FCDD44B2595B0AE00A99FBC /* Common */,
				1FCDD3EF2595245C00A99FBC /* AssetDetail */,
				1FCDD3EE2595245600A99FBC /* Main */,
			);
			path = Modules;
			sourceTree = "<group>";
		};
		1FCDD3EE2595245600A99FBC /* Main */ = {
			isa = PBXGroup;
			children = (
				1FCDD42D2595AA8D00A99FBC /* MainProtocols.swift */,
				1FCDD3F72595247F00A99FBC /* Navigation */,
				1FCDD3F22595246F00A99FBC /* Controller */,
				1FCDD3F12595246D00A99FBC /* View */,
				1FCDD3F02595246600A99FBC /* Model */,
			);
			path = Main;
			sourceTree = "<group>";
		};
		1FCDD3EF2595245C00A99FBC /* AssetDetail */ = {
			isa = PBXGroup;
			children = (
				1FCDD3F62595247A00A99FBC /* Navigation */,
				1FCDD3F52595247600A99FBC /* Controller */,
				1FCDD3F42595247400A99FBC /* View */,
				1FCDD3F32595247200A99FBC /* Model */,
			);
			path = AssetDetail;
			sourceTree = "<group>";
		};
		1FCDD3F02595246600A99FBC /* Model */ = {
			isa = PBXGroup;
			children = (
				1FCDD4432595AE8E00A99FBC /* MainViewModel.swift */,
				1FCDD4472595B07000A99FBC /* MainDataSource.swift */,
			);
			path = Model;
			sourceTree = "<group>";
		};
		1FCDD3F12595246D00A99FBC /* View */ = {
			isa = PBXGroup;
			children = (
				1FCDD4812595C9F600A99FBC /* MainView.swift */,
				1FCDD4E52595F99600A99FBC /* GreetingView */,
				1FCDD4AF2595CFE100A99FBC /* Header */,
				1FCDD49A2595CC8100A99FBC /* Cell */,
			);
			path = View;
			sourceTree = "<group>";
		};
		1FCDD3F22595246F00A99FBC /* Controller */ = {
			isa = PBXGroup;
			children = (
				1FCDD4B82595DA5800A99FBC /* MainViewController.swift */,
				1FCDD4CD2595DE7D00A99FBC /* Delegate */,
				1FCDD4C62595DD0800A99FBC /* DataSource */,
			);
			path = Controller;
			sourceTree = "<group>";
		};
		1FCDD3F32595247200A99FBC /* Model */ = {
			isa = PBXGroup;
			children = (
			);
			path = Model;
			sourceTree = "<group>";
		};
		1FCDD3F42595247400A99FBC /* View */ = {
			isa = PBXGroup;
			children = (
			);
			path = View;
			sourceTree = "<group>";
		};
		1FCDD3F52595247600A99FBC /* Controller */ = {
			isa = PBXGroup;
			children = (
			);
			path = Controller;
			sourceTree = "<group>";
		};
		1FCDD3F62595247A00A99FBC /* Navigation */ = {
			isa = PBXGroup;
			children = (
			);
			path = Navigation;
			sourceTree = "<group>";
		};
		1FCDD3F72595247F00A99FBC /* Navigation */ = {
			isa = PBXGroup;
			children = (
				1FCDD4D22595E12C00A99FBC /* MainRouter.swift */,
			);
			path = Navigation;
			sourceTree = "<group>";
		};
		1FCDD3F82595249900A99FBC /* Navigation */ = {
			isa = PBXGroup;
			children = (
				1FCDD4292595AA3800A99FBC /* Navigation.swift */,
			);
			path = Navigation;
			sourceTree = "<group>";
		};
		1FCDD4312595AB4300A99FBC /* Utilities */ = {
			isa = PBXGroup;
			children = (
				1FCDD4322595AB4C00A99FBC /* Observable */,
			);
			path = Utilities;
			sourceTree = "<group>";
		};
		1FCDD4322595AB4C00A99FBC /* Observable */ = {
			isa = PBXGroup;
			children = (
				1FCDD4332595AB5200A99FBC /* Box.swift */,
			);
			path = Observable;
			sourceTree = "<group>";
		};
		1FCDD4392595AB7900A99FBC /* Network */ = {
			isa = PBXGroup;
			children = (
				1FCDD4562595B27500A99FBC /* Model */,
				1FCDD43A2595ABA500A99FBC /* AssetsService.swift */,
			);
			path = Network;
			sourceTree = "<group>";
		};
		1FCDD43E2595AC1500A99FBC /* Constants */ = {
			isa = PBXGroup;
			children = (
				1FCDD43F2595AC1E00A99FBC /* Environment.swift */,
				1FCDD4852595CAC900A99FBC /* Colors.swift */,
			);
			path = Constants;
			sourceTree = "<group>";
		};
		1FCDD44B2595B0AE00A99FBC /* Common */ = {
			isa = PBXGroup;
			children = (
				1FCDD44C2595B0B800A99FBC /* Base */,
			);
			path = Common;
			sourceTree = "<group>";
		};
		1FCDD44C2595B0B800A99FBC /* Base */ = {
			isa = PBXGroup;
			children = (
				1FCDD5062596257200A99FBC /* View */,
				1FCDD4532595B0FC00A99FBC /* Model */,
			);
			path = Base;
			sourceTree = "<group>";
		};
		1FCDD4532595B0FC00A99FBC /* Model */ = {
			isa = PBXGroup;
			children = (
				1FCDD44D2595B0C000A99FBC /* BaseViewModel.swift */,
			);
			path = Model;
			sourceTree = "<group>";
		};
		1FCDD4562595B27500A99FBC /* Model */ = {
			isa = PBXGroup;
			children = (
				1FCDD46A2595B8E900A99FBC /* Common */,
				1FCDD4692595B8E600A99FBC /* Assets */,
			);
			path = Model;
			sourceTree = "<group>";
		};
		1FCDD4692595B8E600A99FBC /* Assets */ = {
			isa = PBXGroup;
			children = (
				1FCDD4572595B28300A99FBC /* AssetResponse.swift */,
				1FCDD45D2595B4DC00A99FBC /* AssetData.swift */,
				1FCDD4612595B4E300A99FBC /* AssetMetric.swift */,
				1FCDD4652595B4E900A99FBC /* MarketData.swift */,
			);
			path = Assets;
			sourceTree = "<group>";
		};
		1FCDD46A2595B8E900A99FBC /* Common */ = {
			isa = PBXGroup;
			children = (
				1FCDD46B2595B8F500A99FBC /* Status.swift */,
			);
			path = Common;
			sourceTree = "<group>";
		};
		1FCDD4922595CBCA00A99FBC /* Extensions */ = {
			isa = PBXGroup;
			children = (
				1FCDD4DC2595F20500A99FBC /* Foundation */,
				1FCDD4932595CBD800A99FBC /* UI */,
			);
			path = Extensions;
			sourceTree = "<group>";
		};
		1FCDD4932595CBD800A99FBC /* UI */ = {
			isa = PBXGroup;
			children = (
				1FCDD4942595CBDF00A99FBC /* UIColor+Extension.swift */,
				1FCDD4AB2595CEDC00A99FBC /* UIImageView+Extension.swift */,
			);
			path = UI;
			sourceTree = "<group>";
		};
		1FCDD49A2595CC8100A99FBC /* Cell */ = {
			isa = PBXGroup;
			children = (
				1FCDD49B2595CC9000A99FBC /* AssetTileCollectionCell.swift */,
				1FCDD4B42595D1A200A99FBC /* AssetListCollectionCell.swift */,
			);
			path = Cell;
			sourceTree = "<group>";
		};
		1FCDD4AF2595CFE100A99FBC /* Header */ = {
			isa = PBXGroup;
			children = (
				1FCDD4B02595CFE900A99FBC /* MainHeader.swift */,
			);
			path = Header;
			sourceTree = "<group>";
		};
		1FCDD4C62595DD0800A99FBC /* DataSource */ = {
			isa = PBXGroup;
			children = (
				1FCDD4C72595DD2500A99FBC /* MainViewController+AssetsCollectionDataSource.swift */,
			);
			path = DataSource;
			sourceTree = "<group>";
		};
		1FCDD4CD2595DE7D00A99FBC /* Delegate */ = {
			isa = PBXGroup;
			children = (
				1FCDD4CE2595DE8D00A99FBC /* MainViewController+AssetCollectionDelegate.swift */,
			);
			path = Delegate;
			sourceTree = "<group>";
		};
		1FCDD4DC2595F20500A99FBC /* Foundation */ = {
			isa = PBXGroup;
			children = (
				1FCDD4DD2595F21500A99FBC /* Double+Extension.swift */,
			);
			path = Foundation;
			sourceTree = "<group>";
		};
		1FCDD4E52595F99600A99FBC /* GreetingView */ = {
			isa = PBXGroup;
			children = (
				1FCDD4E62595F9A100A99FBC /* GreetingView.swift */,
			);
			path = GreetingView;
			sourceTree = "<group>";
		};
		1FCDD5062596257200A99FBC /* View */ = {
			isa = PBXGroup;
			children = (
				1FCDD5072596257800A99FBC /* BaseView.swift */,
			);
			path = View;
			sourceTree = "<group>";
		};
		BA02F5A26FE09FE1AFBFB697 /* Frameworks */ = {
			isa = PBXGroup;
			children = (
				00BA986986A26EF5C80C2035 /* Pods_MessariApp.framework */,
				13CF32E5F4D80BA017348BA4 /* Pods_MessariApp_MessariAppUITests.framework */,
				49B0DF17F945B35FC29E218F /* Pods_MessariAppTests.framework */,
			);
			name = Frameworks;
			sourceTree = "<group>";
		};
		DBEE2245C44480E085B4BA3E /* Pods */ = {
			isa = PBXGroup;
			children = (
				AB61E65DD6ED514FD3F242D0 /* Pods-MessariApp.debug.xcconfig */,
				DC5A3573E4BB3815427751B4 /* Pods-MessariApp.release.xcconfig */,
				AECC68E0B6AD71ED0556CA7B /* Pods-MessariApp-MessariAppUITests.debug.xcconfig */,
				B0A6FDEC64D64FE137702215 /* Pods-MessariApp-MessariAppUITests.release.xcconfig */,
				8B8DF257EF56840C2F73299D /* Pods-MessariAppTests.debug.xcconfig */,
				A66AC3D8904A141645A757FE /* Pods-MessariAppTests.release.xcconfig */,
			);
			path = Pods;
			sourceTree = "<group>";
		};
/* End PBXGroup section */

/* Begin PBXNativeTarget section */
		1FCDD38F2595208800A99FBC /* MessariApp */ = {
			isa = PBXNativeTarget;
			buildConfigurationList = 1FCDD3BA2595208C00A99FBC /* Build configuration list for PBXNativeTarget "MessariApp" */;
			buildPhases = (
				D9D3038B184203EDFB1647C6 /* [CP] Check Pods Manifest.lock */,
				1FCDD38C2595208800A99FBC /* Sources */,
				1FCDD38D2595208800A99FBC /* Frameworks */,
				1FCDD38E2595208800A99FBC /* Resources */,
				1FCDD3C6259521CC00A99FBC /* ShellScript */,
				C87CFA004E71801A6BF24C8E /* [CP] Embed Pods Frameworks */,
			);
			buildRules = (
			);
			dependencies = (
			);
			name = MessariApp;
			productName = MessariApp;
			productReference = 1FCDD3902595208800A99FBC /* MessariApp.app */;
			productType = "com.apple.product-type.application";
		};
		1FCDD3A52595208C00A99FBC /* MessariAppTests */ = {
			isa = PBXNativeTarget;
			buildConfigurationList = 1FCDD3BD2595208C00A99FBC /* Build configuration list for PBXNativeTarget "MessariAppTests" */;
			buildPhases = (
				E72A0DD6E7498F6F38BBAD7B /* [CP] Check Pods Manifest.lock */,
				1FCDD3A22595208C00A99FBC /* Sources */,
				1FCDD3A32595208C00A99FBC /* Frameworks */,
				1FCDD3A42595208C00A99FBC /* Resources */,
			);
			buildRules = (
			);
			dependencies = (
				1FCDD3A82595208C00A99FBC /* PBXTargetDependency */,
			);
			name = MessariAppTests;
			productName = MessariAppTests;
			productReference = 1FCDD3A62595208C00A99FBC /* MessariAppTests.xctest */;
			productType = "com.apple.product-type.bundle.unit-test";
		};
/* End PBXNativeTarget section */

/* Begin PBXProject section */
		1FCDD3882595208800A99FBC /* Project object */ = {
			isa = PBXProject;
			attributes = {
				LastSwiftUpdateCheck = 1220;
				LastUpgradeCheck = 1220;
				TargetAttributes = {
					1FCDD38F2595208800A99FBC = {
						CreatedOnToolsVersion = 12.2;
					};
					1FCDD3A52595208C00A99FBC = {
						CreatedOnToolsVersion = 12.2;
						TestTargetID = 1FCDD38F2595208800A99FBC;
					};
				};
			};
			buildConfigurationList = 1FCDD38B2595208800A99FBC /* Build configuration list for PBXProject "MessariApp" */;
			compatibilityVersion = "Xcode 9.3";
			developmentRegion = en;
			hasScannedForEncodings = 0;
			knownRegions = (
				en,
				Base,
			);
			mainGroup = 1FCDD3872595208800A99FBC;
			productRefGroup = 1FCDD3912595208800A99FBC /* Products */;
			projectDirPath = "";
			projectRoot = "";
			targets = (
				1FCDD38F2595208800A99FBC /* MessariApp */,
				1FCDD3A52595208C00A99FBC /* MessariAppTests */,
			);
		};
/* End PBXProject section */

/* Begin PBXResourcesBuildPhase section */
		1FCDD38E2595208800A99FBC /* Resources */ = {
			isa = PBXResourcesBuildPhase;
			buildActionMask = 2147483647;
			files = (
				1FCDD3A02595208B00A99FBC /* LaunchScreen.storyboard in Resources */,
				1FCDD39D2595208B00A99FBC /* Assets.xcassets in Resources */,
			);
			runOnlyForDeploymentPostprocessing = 0;
		};
		1FCDD3A42595208C00A99FBC /* Resources */ = {
			isa = PBXResourcesBuildPhase;
			buildActionMask = 2147483647;
			files = (
			);
			runOnlyForDeploymentPostprocessing = 0;
		};
/* End PBXResourcesBuildPhase section */

/* Begin PBXShellScriptBuildPhase section */
		1FCDD3C6259521CC00A99FBC /* ShellScript */ = {
			isa = PBXShellScriptBuildPhase;
			buildActionMask = 2147483647;
			files = (
			);
			inputFileListPaths = (
			);
			inputPaths = (
			);
			outputFileListPaths = (
			);
			outputPaths = (
			);
			runOnlyForDeploymentPostprocessing = 0;
			shellPath = /bin/sh;
			shellScript = "# Type a script or drag a script file from your workspace to insert its path.\nif which swiftlint >/dev/null; then\nswiftlint\nelse\necho \"error: SwiftLint does not exist, download it from https://github.com/realm/SwiftLint\"\nexit 1\nfi\n";
		};
		C87CFA004E71801A6BF24C8E /* [CP] Embed Pods Frameworks */ = {
			isa = PBXShellScriptBuildPhase;
			buildActionMask = 2147483647;
			files = (
			);
			inputFileListPaths = (
				"${PODS_ROOT}/Target Support Files/Pods-MessariApp/Pods-MessariApp-frameworks-${CONFIGURATION}-input-files.xcfilelist",
			);
			name = "[CP] Embed Pods Frameworks";
			outputFileListPaths = (
				"${PODS_ROOT}/Target Support Files/Pods-MessariApp/Pods-MessariApp-frameworks-${CONFIGURATION}-output-files.xcfilelist",
			);
			runOnlyForDeploymentPostprocessing = 0;
			shellPath = /bin/sh;
			shellScript = "\"${PODS_ROOT}/Target Support Files/Pods-MessariApp/Pods-MessariApp-frameworks.sh\"\n";
			showEnvVarsInLog = 0;
		};
		D9D3038B184203EDFB1647C6 /* [CP] Check Pods Manifest.lock */ = {
			isa = PBXShellScriptBuildPhase;
			buildActionMask = 2147483647;
			files = (
			);
			inputFileListPaths = (
			);
			inputPaths = (
				"${PODS_PODFILE_DIR_PATH}/Podfile.lock",
				"${PODS_ROOT}/Manifest.lock",
			);
			name = "[CP] Check Pods Manifest.lock";
			outputFileListPaths = (
			);
			outputPaths = (
				"$(DERIVED_FILE_DIR)/Pods-MessariApp-checkManifestLockResult.txt",
			);
			runOnlyForDeploymentPostprocessing = 0;
			shellPath = /bin/sh;
			shellScript = "diff \"${PODS_PODFILE_DIR_PATH}/Podfile.lock\" \"${PODS_ROOT}/Manifest.lock\" > /dev/null\nif [ $? != 0 ] ; then\n    # print error to STDERR\n    echo \"error: The sandbox is not in sync with the Podfile.lock. Run 'pod install' or update your CocoaPods installation.\" >&2\n    exit 1\nfi\n# This output is used by Xcode 'outputs' to avoid re-running this script phase.\necho \"SUCCESS\" > \"${SCRIPT_OUTPUT_FILE_0}\"\n";
			showEnvVarsInLog = 0;
		};
		E72A0DD6E7498F6F38BBAD7B /* [CP] Check Pods Manifest.lock */ = {
			isa = PBXShellScriptBuildPhase;
			buildActionMask = 2147483647;
			files = (
			);
			inputFileListPaths = (
			);
			inputPaths = (
				"${PODS_PODFILE_DIR_PATH}/Podfile.lock",
				"${PODS_ROOT}/Manifest.lock",
			);
			name = "[CP] Check Pods Manifest.lock";
			outputFileListPaths = (
			);
			outputPaths = (
				"$(DERIVED_FILE_DIR)/Pods-MessariAppTests-checkManifestLockResult.txt",
			);
			runOnlyForDeploymentPostprocessing = 0;
			shellPath = /bin/sh;
			shellScript = "diff \"${PODS_PODFILE_DIR_PATH}/Podfile.lock\" \"${PODS_ROOT}/Manifest.lock\" > /dev/null\nif [ $? != 0 ] ; then\n    # print error to STDERR\n    echo \"error: The sandbox is not in sync with the Podfile.lock. Run 'pod install' or update your CocoaPods installation.\" >&2\n    exit 1\nfi\n# This output is used by Xcode 'outputs' to avoid re-running this script phase.\necho \"SUCCESS\" > \"${SCRIPT_OUTPUT_FILE_0}\"\n";
			showEnvVarsInLog = 0;
		};
/* End PBXShellScriptBuildPhase section */

/* Begin PBXSourcesBuildPhase section */
		1FCDD38C2595208800A99FBC /* Sources */ = {
			isa = PBXSourcesBuildPhase;
			buildActionMask = 2147483647;
			files = (
				1FCDD4622595B4E300A99FBC /* AssetMetric.swift in Sources */,
				1FCDD4B92595DA5800A99FBC /* MainViewController.swift in Sources */,
				1FCDD4B52595D1A200A99FBC /* AssetListCollectionCell.swift in Sources */,
				1FCDD4442595AE8E00A99FBC /* MainViewModel.swift in Sources */,
				1FCDD4E72595F9A100A99FBC /* GreetingView.swift in Sources */,
				1FCDD4DE2595F21500A99FBC /* Double+Extension.swift in Sources */,
				1FCDD4C82595DD2500A99FBC /* MainViewController+AssetsCollectionDataSource.swift in Sources */,
				1FCDD3942595208800A99FBC /* AppDelegate.swift in Sources */,
				1FCDD4582595B28300A99FBC /* AssetResponse.swift in Sources */,
				1FCDD4952595CBDF00A99FBC /* UIColor+Extension.swift in Sources */,
				1FCDD4B12595CFE900A99FBC /* MainHeader.swift in Sources */,
				1FCDD5082596257800A99FBC /* BaseView.swift in Sources */,
				1FCDD4CF2595DE8D00A99FBC /* MainViewController+AssetCollectionDelegate.swift in Sources */,
				1FCDD4662595B4E900A99FBC /* MarketData.swift in Sources */,
				1FCDD4402595AC1E00A99FBC /* Environment.swift in Sources */,
				1FCDD4342595AB5200A99FBC /* Box.swift in Sources */,
				1FCDD42A2595AA3800A99FBC /* Navigation.swift in Sources */,
				1FCDD44E2595B0C000A99FBC /* BaseViewModel.swift in Sources */,
				1FCDD4D32595E12C00A99FBC /* MainRouter.swift in Sources */,
				1FCDD4862595CAC900A99FBC /* Colors.swift in Sources */,
				1FCDD46C2595B8F500A99FBC /* Status.swift in Sources */,
				1FCDD42E2595AA8D00A99FBC /* MainProtocols.swift in Sources */,
				1FCDD43B2595ABA500A99FBC /* AssetsService.swift in Sources */,
				1FCDD49C2595CC9000A99FBC /* AssetTileCollectionCell.swift in Sources */,
				1FCDD45E2595B4DC00A99FBC /* AssetData.swift in Sources */,
				1FCDD4AC2595CEDC00A99FBC /* UIImageView+Extension.swift in Sources */,
				1FCDD4822595C9F600A99FBC /* MainView.swift in Sources */,
				1FCDD4482595B07000A99FBC /* MainDataSource.swift in Sources */,
			);
			runOnlyForDeploymentPostprocessing = 0;
		};
		1FCDD3A22595208C00A99FBC /* Sources */ = {
			isa = PBXSourcesBuildPhase;
			buildActionMask = 2147483647;
			files = (
				1FCDD3AB2595208C00A99FBC /* MessariAppTests.swift in Sources */,
			);
			runOnlyForDeploymentPostprocessing = 0;
		};
/* End PBXSourcesBuildPhase section */

/* Begin PBXTargetDependency section */
		1FCDD3A82595208C00A99FBC /* PBXTargetDependency */ = {
			isa = PBXTargetDependency;
			target = 1FCDD38F2595208800A99FBC /* MessariApp */;
			targetProxy = 1FCDD3A72595208C00A99FBC /* PBXContainerItemProxy */;
		};
/* End PBXTargetDependency section */

/* Begin PBXVariantGroup section */
		1FCDD39E2595208B00A99FBC /* LaunchScreen.storyboard */ = {
			isa = PBXVariantGroup;
			children = (
				1FCDD39F2595208B00A99FBC /* Base */,
			);
			name = LaunchScreen.storyboard;
			sourceTree = "<group>";
		};
/* End PBXVariantGroup section */

/* Begin XCBuildConfiguration section */
		1FCDD3B82595208C00A99FBC /* Debug */ = {
			isa = XCBuildConfiguration;
			buildSettings = {
				ALWAYS_SEARCH_USER_PATHS = NO;
				CLANG_ANALYZER_NONNULL = YES;
				CLANG_ANALYZER_NUMBER_OBJECT_CONVERSION = YES_AGGRESSIVE;
				CLANG_CXX_LANGUAGE_STANDARD = "gnu++14";
				CLANG_CXX_LIBRARY = "libc++";
				CLANG_ENABLE_MODULES = YES;
				CLANG_ENABLE_OBJC_ARC = YES;
				CLANG_ENABLE_OBJC_WEAK = YES;
				CLANG_WARN_BLOCK_CAPTURE_AUTORELEASING = YES;
				CLANG_WARN_BOOL_CONVERSION = YES;
				CLANG_WARN_COMMA = YES;
				CLANG_WARN_CONSTANT_CONVERSION = YES;
				CLANG_WARN_DEPRECATED_OBJC_IMPLEMENTATIONS = YES;
				CLANG_WARN_DIRECT_OBJC_ISA_USAGE = YES_ERROR;
				CLANG_WARN_DOCUMENTATION_COMMENTS = YES;
				CLANG_WARN_EMPTY_BODY = YES;
				CLANG_WARN_ENUM_CONVERSION = YES;
				CLANG_WARN_INFINITE_RECURSION = YES;
				CLANG_WARN_INT_CONVERSION = YES;
				CLANG_WARN_NON_LITERAL_NULL_CONVERSION = YES;
				CLANG_WARN_OBJC_IMPLICIT_RETAIN_SELF = YES;
				CLANG_WARN_OBJC_LITERAL_CONVERSION = YES;
				CLANG_WARN_OBJC_ROOT_CLASS = YES_ERROR;
				CLANG_WARN_QUOTED_INCLUDE_IN_FRAMEWORK_HEADER = YES;
				CLANG_WARN_RANGE_LOOP_ANALYSIS = YES;
				CLANG_WARN_STRICT_PROTOTYPES = YES;
				CLANG_WARN_SUSPICIOUS_MOVE = YES;
				CLANG_WARN_UNGUARDED_AVAILABILITY = YES_AGGRESSIVE;
				CLANG_WARN_UNREACHABLE_CODE = YES;
				CLANG_WARN__DUPLICATE_METHOD_MATCH = YES;
				COPY_PHASE_STRIP = NO;
				DEBUG_INFORMATION_FORMAT = dwarf;
				ENABLE_STRICT_OBJC_MSGSEND = YES;
				ENABLE_TESTABILITY = YES;
				GCC_C_LANGUAGE_STANDARD = gnu11;
				GCC_DYNAMIC_NO_PIC = NO;
				GCC_NO_COMMON_BLOCKS = YES;
				GCC_OPTIMIZATION_LEVEL = 0;
				GCC_PREPROCESSOR_DEFINITIONS = (
					"DEBUG=1",
					"$(inherited)",
				);
				GCC_WARN_64_TO_32_BIT_CONVERSION = YES;
				GCC_WARN_ABOUT_RETURN_TYPE = YES_ERROR;
				GCC_WARN_UNDECLARED_SELECTOR = YES;
				GCC_WARN_UNINITIALIZED_AUTOS = YES_AGGRESSIVE;
				GCC_WARN_UNUSED_FUNCTION = YES;
				GCC_WARN_UNUSED_VARIABLE = YES;
				IPHONEOS_DEPLOYMENT_TARGET = 14.2;
				MTL_ENABLE_DEBUG_INFO = INCLUDE_SOURCE;
				MTL_FAST_MATH = YES;
				ONLY_ACTIVE_ARCH = YES;
				SDKROOT = iphoneos;
				SWIFT_ACTIVE_COMPILATION_CONDITIONS = DEBUG;
				SWIFT_OPTIMIZATION_LEVEL = "-Onone";
			};
			name = Debug;
		};
		1FCDD3B92595208C00A99FBC /* Release */ = {
			isa = XCBuildConfiguration;
			buildSettings = {
				ALWAYS_SEARCH_USER_PATHS = NO;
				CLANG_ANALYZER_NONNULL = YES;
				CLANG_ANALYZER_NUMBER_OBJECT_CONVERSION = YES_AGGRESSIVE;
				CLANG_CXX_LANGUAGE_STANDARD = "gnu++14";
				CLANG_CXX_LIBRARY = "libc++";
				CLANG_ENABLE_MODULES = YES;
				CLANG_ENABLE_OBJC_ARC = YES;
				CLANG_ENABLE_OBJC_WEAK = YES;
				CLANG_WARN_BLOCK_CAPTURE_AUTORELEASING = YES;
				CLANG_WARN_BOOL_CONVERSION = YES;
				CLANG_WARN_COMMA = YES;
				CLANG_WARN_CONSTANT_CONVERSION = YES;
				CLANG_WARN_DEPRECATED_OBJC_IMPLEMENTATIONS = YES;
				CLANG_WARN_DIRECT_OBJC_ISA_USAGE = YES_ERROR;
				CLANG_WARN_DOCUMENTATION_COMMENTS = YES;
				CLANG_WARN_EMPTY_BODY = YES;
				CLANG_WARN_ENUM_CONVERSION = YES;
				CLANG_WARN_INFINITE_RECURSION = YES;
				CLANG_WARN_INT_CONVERSION = YES;
				CLANG_WARN_NON_LITERAL_NULL_CONVERSION = YES;
				CLANG_WARN_OBJC_IMPLICIT_RETAIN_SELF = YES;
				CLANG_WARN_OBJC_LITERAL_CONVERSION = YES;
				CLANG_WARN_OBJC_ROOT_CLASS = YES_ERROR;
				CLANG_WARN_QUOTED_INCLUDE_IN_FRAMEWORK_HEADER = YES;
				CLANG_WARN_RANGE_LOOP_ANALYSIS = YES;
				CLANG_WARN_STRICT_PROTOTYPES = YES;
				CLANG_WARN_SUSPICIOUS_MOVE = YES;
				CLANG_WARN_UNGUARDED_AVAILABILITY = YES_AGGRESSIVE;
				CLANG_WARN_UNREACHABLE_CODE = YES;
				CLANG_WARN__DUPLICATE_METHOD_MATCH = YES;
				COPY_PHASE_STRIP = NO;
				DEBUG_INFORMATION_FORMAT = "dwarf-with-dsym";
				ENABLE_NS_ASSERTIONS = NO;
				ENABLE_STRICT_OBJC_MSGSEND = YES;
				GCC_C_LANGUAGE_STANDARD = gnu11;
				GCC_NO_COMMON_BLOCKS = YES;
				GCC_WARN_64_TO_32_BIT_CONVERSION = YES;
				GCC_WARN_ABOUT_RETURN_TYPE = YES_ERROR;
				GCC_WARN_UNDECLARED_SELECTOR = YES;
				GCC_WARN_UNINITIALIZED_AUTOS = YES_AGGRESSIVE;
				GCC_WARN_UNUSED_FUNCTION = YES;
				GCC_WARN_UNUSED_VARIABLE = YES;
				IPHONEOS_DEPLOYMENT_TARGET = 14.2;
				MTL_ENABLE_DEBUG_INFO = NO;
				MTL_FAST_MATH = YES;
				SDKROOT = iphoneos;
				SWIFT_COMPILATION_MODE = wholemodule;
				SWIFT_OPTIMIZATION_LEVEL = "-O";
				VALIDATE_PRODUCT = YES;
			};
			name = Release;
		};
		1FCDD3BB2595208C00A99FBC /* Debug */ = {
			isa = XCBuildConfiguration;
			baseConfigurationReference = AB61E65DD6ED514FD3F242D0 /* Pods-MessariApp.debug.xcconfig */;
			buildSettings = {
				ASSETCATALOG_COMPILER_APPICON_NAME = AppIcon;
				ASSETCATALOG_COMPILER_GLOBAL_ACCENT_COLOR_NAME = AccentColor;
				CODE_SIGN_STYLE = Automatic;
				DEVELOPMENT_TEAM = 88WBPN35U7;
				INFOPLIST_FILE = MessariApp/Resources/Info.plist;
				LD_RUNPATH_SEARCH_PATHS = (
					"$(inherited)",
					"@executable_path/Frameworks",
				);
				PRODUCT_BUNDLE_IDENTIFIER = com.salgara.MessariApp;
				PRODUCT_NAME = "$(TARGET_NAME)";
				SWIFT_VERSION = 5.0;
				TARGETED_DEVICE_FAMILY = 1;
			};
			name = Debug;
		};
		1FCDD3BC2595208C00A99FBC /* Release */ = {
			isa = XCBuildConfiguration;
			baseConfigurationReference = DC5A3573E4BB3815427751B4 /* Pods-MessariApp.release.xcconfig */;
			buildSettings = {
				ASSETCATALOG_COMPILER_APPICON_NAME = AppIcon;
				ASSETCATALOG_COMPILER_GLOBAL_ACCENT_COLOR_NAME = AccentColor;
				CODE_SIGN_STYLE = Automatic;
				DEVELOPMENT_TEAM = 88WBPN35U7;
				INFOPLIST_FILE = MessariApp/Resources/Info.plist;
				LD_RUNPATH_SEARCH_PATHS = (
					"$(inherited)",
					"@executable_path/Frameworks",
				);
				PRODUCT_BUNDLE_IDENTIFIER = com.salgara.MessariApp;
				PRODUCT_NAME = "$(TARGET_NAME)";
				SWIFT_VERSION = 5.0;
				TARGETED_DEVICE_FAMILY = 1;
			};
			name = Release;
		};
		1FCDD3BE2595208C00A99FBC /* Debug */ = {
			isa = XCBuildConfiguration;
			baseConfigurationReference = 8B8DF257EF56840C2F73299D /* Pods-MessariAppTests.debug.xcconfig */;
			buildSettings = {
				ALWAYS_EMBED_SWIFT_STANDARD_LIBRARIES = YES;
				BUNDLE_LOADER = "$(TEST_HOST)";
				CODE_SIGN_STYLE = Automatic;
				DEVELOPMENT_TEAM = 88WBPN35U7;
				INFOPLIST_FILE = MessariAppTests/Info.plist;
				IPHONEOS_DEPLOYMENT_TARGET = 14.2;
				LD_RUNPATH_SEARCH_PATHS = (
					"$(inherited)",
					"@executable_path/Frameworks",
					"@loader_path/Frameworks",
				);
				PRODUCT_BUNDLE_IDENTIFIER = com.salgara.MessariAppTests;
				PRODUCT_NAME = "$(TARGET_NAME)";
				SWIFT_VERSION = 5.0;
				TARGETED_DEVICE_FAMILY = "1,2";
				TEST_HOST = "$(BUILT_PRODUCTS_DIR)/MessariApp.app/MessariApp";
			};
			name = Debug;
		};
		1FCDD3BF2595208C00A99FBC /* Release */ = {
			isa = XCBuildConfiguration;
			baseConfigurationReference = A66AC3D8904A141645A757FE /* Pods-MessariAppTests.release.xcconfig */;
			buildSettings = {
				ALWAYS_EMBED_SWIFT_STANDARD_LIBRARIES = YES;
				BUNDLE_LOADER = "$(TEST_HOST)";
				CODE_SIGN_STYLE = Automatic;
				DEVELOPMENT_TEAM = 88WBPN35U7;
				INFOPLIST_FILE = MessariAppTests/Info.plist;
				IPHONEOS_DEPLOYMENT_TARGET = 14.2;
				LD_RUNPATH_SEARCH_PATHS = (
					"$(inherited)",
					"@executable_path/Frameworks",
					"@loader_path/Frameworks",
				);
				PRODUCT_BUNDLE_IDENTIFIER = com.salgara.MessariAppTests;
				PRODUCT_NAME = "$(TARGET_NAME)";
				SWIFT_VERSION = 5.0;
				TARGETED_DEVICE_FAMILY = "1,2";
				TEST_HOST = "$(BUILT_PRODUCTS_DIR)/MessariApp.app/MessariApp";
			};
			name = Release;
		};
/* End XCBuildConfiguration section */

/* Begin XCConfigurationList section */
		1FCDD38B2595208800A99FBC /* Build configuration list for PBXProject "MessariApp" */ = {
			isa = XCConfigurationList;
			buildConfigurations = (
				1FCDD3B82595208C00A99FBC /* Debug */,
				1FCDD3B92595208C00A99FBC /* Release */,
			);
			defaultConfigurationIsVisible = 0;
			defaultConfigurationName = Release;
		};
		1FCDD3BA2595208C00A99FBC /* Build configuration list for PBXNativeTarget "MessariApp" */ = {
			isa = XCConfigurationList;
			buildConfigurations = (
				1FCDD3BB2595208C00A99FBC /* Debug */,
				1FCDD3BC2595208C00A99FBC /* Release */,
			);
			defaultConfigurationIsVisible = 0;
			defaultConfigurationName = Release;
		};
		1FCDD3BD2595208C00A99FBC /* Build configuration list for PBXNativeTarget "MessariAppTests" */ = {
			isa = XCConfigurationList;
			buildConfigurations = (
				1FCDD3BE2595208C00A99FBC /* Debug */,
				1FCDD3BF2595208C00A99FBC /* Release */,
			);
			defaultConfigurationIsVisible = 0;
			defaultConfigurationName = Release;
		};
/* End XCConfigurationList section */
	};
	rootObject = 1FCDD3882595208800A99FBC /* Project object */;
}
